
Microsoft Visual Studio Solution File, Format Version 12.00
# Visual Studio Version 17
VisualStudioVersion = 17.6.33829.357
MinimumVisualStudioVersion = 10.0.40219.1
Project("{FAE04EC0-301F-11D3-BF4B-00C04F79EFBC}") = "caProvaEx2", "caProvaEx2.csproj", "{C961FCE6-D152-400E-8939-FBEAFA44557C}"
EndProject
Global
	GlobalSection(SolutionConfigurationPlatforms) = preSolution
		Debug|Any CPU = Debug|Any CPU
		Release|Any CPU = Release|Any CPU
	EndGlobalSection
	GlobalSection(ProjectConfigurationPlatforms) = postSolution
		{C961FCE6-D152-400E-8939-FBEAFA44557C}.Debug|Any CPU.ActiveCfg = Debug|Any CPU
		{C961FCE6-D152-400E-8939-FBEAFA44557C}.Debug|Any CPU.Build.0 = Debug|Any CPU
		{C961FCE6-D152-400E-8939-FBEAFA44557C}.Release|Any CPU.ActiveCfg = Release|Any CPU
		{C961FCE6-D152-400E-8939-FBEAFA44557C}.Release|Any CPU.Build.0 = Release|Any CPU
	EndGlobalSection
	GlobalSection(SolutionProperties) = preSolution
		HideSolutionNode = FALSE
	EndGlobalSection
	GlobalSection(ExtensibilityGlobals) = postSolution
		SolutionGuid = {30451DB8-7A76-4815-8BB0-1207BFC0E1BB}
	EndGlobalSection
EndGlobal
